
Microsoft Visual Studio Solution File, Format Version 12.00
# Visual Studio Version 17
VisualStudioVersion = 17.6.33829.357
MinimumVisualStudioVersion = 10.0.40219.1
Project("{FAE04EC0-301F-11D3-BF4B-00C04F79EFBC}") = "BethanysPieShopHRM", "BethanysPieShopHRM.csproj", "{B319594D-A8AA-4CED-8545-8FEAE37A4EB1}"
EndProject
Global
	GlobalSection(SolutionConfigurationPlatforms) = preSolution
		Debug|Any CPU = Debug|Any CPU
		Release|Any CPU = Release|Any CPU
	EndGlobalSection
	GlobalSection(ProjectConfigurationPlatforms) = postSolution
		{B319594D-A8AA-4CED-8545-8FEAE37A4EB1}.Debug|Any CPU.ActiveCfg = Debug|Any CPU
		{B319594D-A8AA-4CED-8545-8FEAE37A4EB1}.Debug|Any CPU.Build.0 = Debug|Any CPU
		{B319594D-A8AA-4CED-8545-8FEAE37A4EB1}.Release|Any CPU.ActiveCfg = Release|Any CPU
		{B319594D-A8AA-4CED-8545-8FEAE37A4EB1}.Release|Any CPU.Build.0 = Release|Any CPU
	EndGlobalSection
	GlobalSection(SolutionProperties) = preSolution
		HideSolutionNode = FALSE
	EndGlobalSection
	GlobalSection(ExtensibilityGlobals) = postSolution
		SolutionGuid = {F8524179-B954-4EF1-BF06-A5DDCC4E83BD}
	EndGlobalSection
EndGlobal
