
Microsoft Visual Studio Solution File, Format Version 12.00
# Visual Studio Version 17
VisualStudioVersion = 17.6.33829.357
MinimumVisualStudioVersion = 10.0.40219.1
Project("{FAE04EC0-301F-11D3-BF4B-00C04F79EFBC}") = "GradingSystem", "GradingSystem.csproj", "{ECCFC388-BC8C-4587-B01B-2C69825C2E55}"
EndProject
Global
	GlobalSection(SolutionConfigurationPlatforms) = preSolution
		Debug|Any CPU = Debug|Any CPU
		Release|Any CPU = Release|Any CPU
	EndGlobalSection
	GlobalSection(ProjectConfigurationPlatforms) = postSolution
		{ECCFC388-BC8C-4587-B01B-2C69825C2E55}.Debug|Any CPU.ActiveCfg = Debug|Any CPU
		{ECCFC388-BC8C-4587-B01B-2C69825C2E55}.Debug|Any CPU.Build.0 = Debug|Any CPU
		{ECCFC388-BC8C-4587-B01B-2C69825C2E55}.Release|Any CPU.ActiveCfg = Release|Any CPU
		{ECCFC388-BC8C-4587-B01B-2C69825C2E55}.Release|Any CPU.Build.0 = Release|Any CPU
	EndGlobalSection
	GlobalSection(SolutionProperties) = preSolution
		HideSolutionNode = FALSE
	EndGlobalSection
	GlobalSection(ExtensibilityGlobals) = postSolution
		SolutionGuid = {92F18F77-9D6E-4649-B89E-D26ACDFA9F29}
	EndGlobalSection
EndGlobal
